// !$*UTF8*$!
{
	archiveVersion = 1;
	classes = {
	};
	objectVersion = 50;
	objects = {

/* Begin PBXBuildFile section */
		3737F08D20F46E1800A0E619 /* AppDelegate.swift in Sources */ = {isa = PBXBuildFile; fileRef = 3737F08C20F46E1800A0E619 /* AppDelegate.swift */; };
		3737F08F20F46E1800A0E619 /* ViewController.swift in Sources */ = {isa = PBXBuildFile; fileRef = 3737F08E20F46E1800A0E619 /* ViewController.swift */; };
		3737F09220F46E1800A0E619 /* Main.storyboard in Resources */ = {isa = PBXBuildFile; fileRef = 3737F09020F46E1800A0E619 /* Main.storyboard */; };
		3737F09420F46E1800A0E619 /* Assets.xcassets in Resources */ = {isa = PBXBuildFile; fileRef = 3737F09320F46E1800A0E619 /* Assets.xcassets */; };
		3737F09720F46E1800A0E619 /* LaunchScreen.storyboard in Resources */ = {isa = PBXBuildFile; fileRef = 3737F09520F46E1800A0E619 /* LaunchScreen.storyboard */; };
		3737F0A220F46E1800A0E619 /* Drink_RecommenderTests.swift in Sources */ = {isa = PBXBuildFile; fileRef = 3737F0A120F46E1800A0E619 /* Drink_RecommenderTests.swift */; };
		3737F0AD20F470AA00A0E619 /* RecommendedDrinkController.swift in Sources */ = {isa = PBXBuildFile; fileRef = 3737F0AC20F470AA00A0E619 /* RecommendedDrinkController.swift */; };
/* End PBXBuildFile section */

/* Begin PBXContainerItemProxy section */
		3737F09E20F46E1800A0E619 /* PBXContainerItemProxy */ = {
			isa = PBXContainerItemProxy;
			containerPortal = 3737F08120F46E1800A0E619 /* Project object */;
			proxyType = 1;
			remoteGlobalIDString = 3737F08820F46E1800A0E619;
			remoteInfo = "Drink Recommender";
		};
/* End PBXContainerItemProxy section */

/* Begin PBXFileReference section */
		3737F08920F46E1800A0E619 /* Drink Recommender.app */ = {isa = PBXFileReference; explicitFileType = wrapper.application; includeInIndex = 0; path = "Drink Recommender.app"; sourceTree = BUILT_PRODUCTS_DIR; };
		3737F08C20F46E1800A0E619 /* AppDelegate.swift */ = {isa = PBXFileReference; lastKnownFileType = sourcecode.swift; path = AppDelegate.swift; sourceTree = "<group>"; };
		3737F08E20F46E1800A0E619 /* ViewController.swift */ = {isa = PBXFileReference; lastKnownFileType = sourcecode.swift; path = ViewController.swift; sourceTree = "<group>"; };
		3737F09120F46E1800A0E619 /* Base */ = {isa = PBXFileReference; lastKnownFileType = file.storyboard; name = Base; path = Base.lproj/Main.storyboard; sourceTree = "<group>"; };
		3737F09320F46E1800A0E619 /* Assets.xcassets */ = {isa = PBXFileReference; lastKnownFileType = folder.assetcatalog; path = Assets.xcassets; sourceTree = "<group>"; };
		3737F09620F46E1800A0E619 /* Base */ = {isa = PBXFileReference; lastKnownFileType = file.storyboard; name = Base; path = Base.lproj/LaunchScreen.storyboard; sourceTree = "<group>"; };
		3737F09820F46E1800A0E619 /* Info.plist */ = {isa = PBXFileReference; lastKnownFileType = text.plist.xml; path = Info.plist; sourceTree = "<group>"; };
		3737F09D20F46E1800A0E619 /* Drink RecommenderTests.xctest */ = {isa = PBXFileReference; explicitFileType = wrapper.cfbundle; includeInIndex = 0; path = "Drink RecommenderTests.xctest"; sourceTree = BUILT_PRODUCTS_DIR; };
		3737F0A120F46E1800A0E619 /* Drink_RecommenderTests.swift */ = {isa = PBXFileReference; lastKnownFileType = sourcecode.swift; path = Drink_RecommenderTests.swift; sourceTree = "<group>"; };
		3737F0A320F46E1800A0E619 /* Info.plist */ = {isa = PBXFileReference; lastKnownFileType = text.plist.xml; path = Info.plist; sourceTree = "<group>"; };
		3737F0AC20F470AA00A0E619 /* RecommendedDrinkController.swift */ = {isa = PBXFileReference; lastKnownFileType = sourcecode.swift; path = RecommendedDrinkController.swift; sourceTree = "<group>"; };
/* End PBXFileReference section */

/* Begin PBXFrameworksBuildPhase section */
		3737F08620F46E1800A0E619 /* Frameworks */ = {
			isa = PBXFrameworksBuildPhase;
			buildActionMask = 2147483647;
			files = (
			);
			runOnlyForDeploymentPostprocessing = 0;
		};
		3737F09A20F46E1800A0E619 /* Frameworks */ = {
			isa = PBXFrameworksBuildPhase;
			buildActionMask = 2147483647;
			files = (
			);
			runOnlyForDeploymentPostprocessing = 0;
		};
/* End PBXFrameworksBuildPhase section */

/* Begin PBXGroup section */
		3737F08020F46E1800A0E619 = {
			isa = PBXGroup;
			children = (
				3737F08B20F46E1800A0E619 /* Drink Recommender */,
				3737F0A020F46E1800A0E619 /* Drink RecommenderTests */,
				3737F08A20F46E1800A0E619 /* Products */,
			);
			sourceTree = "<group>";
		};
		3737F08A20F46E1800A0E619 /* Products */ = {
			isa = PBXGroup;
			children = (
				3737F08920F46E1800A0E619 /* Drink Recommender.app */,
				3737F09D20F46E1800A0E619 /* Drink RecommenderTests.xctest */,
			);
			name = Products;
			sourceTree = "<group>";
		};
		3737F08B20F46E1800A0E619 /* Drink Recommender */ = {
			isa = PBXGroup;
			children = (
				3737F08C20F46E1800A0E619 /* AppDelegate.swift */,
				3737F08E20F46E1800A0E619 /* ViewController.swift */,
				3737F09020F46E1800A0E619 /* Main.storyboard */,
				3737F0AC20F470AA00A0E619 /* RecommendedDrinkController.swift */,
				3737F09320F46E1800A0E619 /* Assets.xcassets */,
				3737F09520F46E1800A0E619 /* LaunchScreen.storyboard */,
				3737F09820F46E1800A0E619 /* Info.plist */,
			);
			path = "Drink Recommender";
			sourceTree = "<group>";
		};
		3737F0A020F46E1800A0E619 /* Drink RecommenderTests */ = {
			isa = PBXGroup;
			children = (
				3737F0A120F46E1800A0E619 /* Drink_RecommenderTests.swift */,
				3737F0A320F46E1800A0E619 /* Info.plist */,
			);
			path = "Drink RecommenderTests";
			sourceTree = "<group>";
		};
/* End PBXGroup section */

/* Begin PBXNativeTarget section */
		3737F08820F46E1800A0E619 /* Drink Recommender */ = {
			isa = PBXNativeTarget;
			buildConfigurationList = 3737F0A620F46E1800A0E619 /* Build configuration list for PBXNativeTarget "Drink Recommender" */;
			buildPhases = (
				3737F08520F46E1800A0E619 /* Sources */,
				3737F08620F46E1800A0E619 /* Frameworks */,
				3737F08720F46E1800A0E619 /* Resources */,
			);
			buildRules = (
			);
			dependencies = (
			);
			name = "Drink Recommender";
			productName = "Drink Recommender";
			productReference = 3737F08920F46E1800A0E619 /* Drink Recommender.app */;
			productType = "com.apple.product-type.application";
		};
		3737F09C20F46E1800A0E619 /* Drink RecommenderTests */ = {
			isa = PBXNativeTarget;
			buildConfigurationList = 3737F0A920F46E1800A0E619 /* Build configuration list for PBXNativeTarget "Drink RecommenderTests" */;
			buildPhases = (
				3737F09920F46E1800A0E619 /* Sources */,
				3737F09A20F46E1800A0E619 /* Frameworks */,
				3737F09B20F46E1800A0E619 /* Resources */,
			);
			buildRules = (
			);
			dependencies = (
				3737F09F20F46E1800A0E619 /* PBXTargetDependency */,
			);
			name = "Drink RecommenderTests";
			productName = "Drink RecommenderTests";
			productReference = 3737F09D20F46E1800A0E619 /* Drink RecommenderTests.xctest */;
			productType = "com.apple.product-type.bundle.unit-test";
		};
/* End PBXNativeTarget section */

/* Begin PBXProject section */
		3737F08120F46E1800A0E619 /* Project object */ = {
			isa = PBXProject;
			attributes = {
				LastSwiftUpdateCheck = 0940;
				LastUpgradeCheck = 0940;
				ORGANIZATIONNAME = "Yoshua Elmaryono";
				TargetAttributes = {
					3737F08820F46E1800A0E619 = {
						CreatedOnToolsVersion = 9.4.1;
					};
					3737F09C20F46E1800A0E619 = {
						CreatedOnToolsVersion = 9.4.1;
						TestTargetID = 3737F08820F46E1800A0E619;
					};
				};
			};
			buildConfigurationList = 3737F08420F46E1800A0E619 /* Build configuration list for PBXProject "Drink Recommender" */;
			compatibilityVersion = "Xcode 9.3";
			developmentRegion = en;
			hasScannedForEncodings = 0;
			knownRegions = (
				en,
				Base,
			);
			mainGroup = 3737F08020F46E1800A0E619;
			productRefGroup = 3737F08A20F46E1800A0E619 /* Products */;
			projectDirPath = "";
			projectRoot = "";
			targets = (
				3737F08820F46E1800A0E619 /* Drink Recommender */,
				3737F09C20F46E1800A0E619 /* Drink RecommenderTests */,
			);
		};
/* End PBXProject section */

/* Begin PBXResourcesBuildPhase section */
		3737F08720F46E1800A0E619 /* Resources */ = {
			isa = PBXResourcesBuildPhase;
			buildActionMask = 2147483647;
			files = (
				3737F09720F46E1800A0E619 /* LaunchScreen.storyboard in Resources */,
				3737F09420F46E1800A0E619 /* Assets.xcassets in Resources */,
				3737F09220F46E1800A0E619 /* Main.storyboard in Resources */,
			);
			runOnlyForDeploymentPostprocessing = 0;
		};
		3737F09B20F46E1800A0E619 /* Resources */ = {
			isa = PBXResourcesBuildPhase;
			buildActionMask = 2147483647;
			files = (
			);
			runOnlyForDeploymentPostprocessing = 0;
		};
/* End PBXResourcesBuildPhase section */

/* Begin PBXSourcesBuildPhase section */
		3737F08520F46E1800A0E619 /* Sources */ = {
			isa = PBXSourcesBuildPhase;
			buildActionMask = 2147483647;
			files = (
				3737F0AD20F470AA00A0E619 /* RecommendedDrinkController.swift in Sources */,
				3737F08F20F46E1800A0E619 /* ViewController.swift in Sources */,
				3737F08D20F46E1800A0E619 /* AppDelegate.swift in Sources */,
			);
			runOnlyForDeploymentPostprocessing = 0;
		};
		3737F09920F46E1800A0E619 /* Sources */ = {
			isa = PBXSourcesBuildPhase;
			buildActionMask = 2147483647;
			files = (
				3737F0A220F46E1800A0E619 /* Drink_RecommenderTests.swift in Sources */,
			);
			runOnlyForDeploymentPostprocessing = 0;
		};
/* End PBXSourcesBuildPhase section */

/* Begin PBXTargetDependency section */
		3737F09F20F46E1800A0E619 /* PBXTargetDependency */ = {
			isa = PBXTargetDependency;
			target = 3737F08820F46E1800A0E619 /* Drink Recommender */;
			targetProxy = 3737F09E20F46E1800A0E619 /* PBXContainerItemProxy */;
		};
/* End PBXTargetDependency section */

/* Begin PBXVariantGroup section */
		3737F09020F46E1800A0E619 /* Main.storyboard */ = {
			isa = PBXVariantGroup;
			children = (
				3737F09120F46E1800A0E619 /* Base */,
			);
			name = Main.storyboard;
			sourceTree = "<group>";
		};
		3737F09520F46E1800A0E619 /* LaunchScreen.storyboard */ = {
			isa = PBXVariantGroup;
			children = (
				3737F09620F46E1800A0E619 /* Base */,
			);
			name = LaunchScreen.storyboard;
			sourceTree = "<group>";
		};
/* End PBXVariantGroup section */

/* Begin XCBuildConfiguration section */
		3737F0A420F46E1800A0E619 /* Debug */ = {
			isa = XCBuildConfiguration;
			buildSettings = {
				ALWAYS_SEARCH_USER_PATHS = NO;
				CLANG_ANALYZER_NONNULL = YES;
				CLANG_ANALYZER_NUMBER_OBJECT_CONVERSION = YES_AGGRESSIVE;
				CLANG_CXX_LANGUAGE_STANDARD = "gnu++14";
				CLANG_CXX_LIBRARY = "libc++";
				CLANG_ENABLE_MODULES = YES;
				CLANG_ENABLE_OBJC_ARC = YES;
				CLANG_ENABLE_OBJC_WEAK = YES;
				CLANG_WARN_BLOCK_CAPTURE_AUTORELEASING = YES;
				CLANG_WARN_BOOL_CONVERSION = YES;
				CLANG_WARN_COMMA = YES;
				CLANG_WARN_CONSTANT_CONVERSION = YES;
				CLANG_WARN_DEPRECATED_OBJC_IMPLEMENTATIONS = YES;
				CLANG_WARN_DIRECT_OBJC_ISA_USAGE = YES_ERROR;
				CLANG_WARN_DOCUMENTATION_COMMENTS = YES;
				CLANG_WARN_EMPTY_BODY = YES;
				CLANG_WARN_ENUM_CONVERSION = YES;
				CLANG_WARN_INFINITE_RECURSION = YES;
				CLANG_WARN_INT_CONVERSION = YES;
				CLANG_WARN_NON_LITERAL_NULL_CONVERSION = YES;
				CLANG_WARN_OBJC_IMPLICIT_RETAIN_SELF = YES;
				CLANG_WARN_OBJC_LITERAL_CONVERSION = YES;
				CLANG_WARN_OBJC_ROOT_CLASS = YES_ERROR;
				CLANG_WARN_RANGE_LOOP_ANALYSIS = YES;
				CLANG_WARN_STRICT_PROTOTYPES = YES;
				CLANG_WARN_SUSPICIOUS_MOVE = YES;
				CLANG_WARN_UNGUARDED_AVAILABILITY = YES_AGGRESSIVE;
				CLANG_WARN_UNREACHABLE_CODE = YES;
				CLANG_WARN__DUPLICATE_METHOD_MATCH = YES;
				CODE_SIGN_IDENTITY = "iPhone Developer";
				COPY_PHASE_STRIP = NO;
				DEBUG_INFORMATION_FORMAT = dwarf;
				ENABLE_STRICT_OBJC_MSGSEND = YES;
				ENABLE_TESTABILITY = YES;
				GCC_C_LANGUAGE_STANDARD = gnu11;
				GCC_DYNAMIC_NO_PIC = NO;
				GCC_NO_COMMON_BLOCKS = YES;
				GCC_OPTIMIZATION_LEVEL = 0;
				GCC_PREPROCESSOR_DEFINITIONS = (
					"DEBUG=1",
					"$(inherited)",
				);
				GCC_WARN_64_TO_32_BIT_CONVERSION = YES;
				GCC_WARN_ABOUT_RETURN_TYPE = YES_ERROR;
				GCC_WARN_UNDECLARED_SELECTOR = YES;
				GCC_WARN_UNINITIALIZED_AUTOS = YES_AGGRESSIVE;
				GCC_WARN_UNUSED_FUNCTION = YES;
				GCC_WARN_UNUSED_VARIABLE = YES;
				IPHONEOS_DEPLOYMENT_TARGET = 11.4;
				MTL_ENABLE_DEBUG_INFO = YES;
				ONLY_ACTIVE_ARCH = YES;
				SDKROOT = iphoneos;
				SWIFT_ACTIVE_COMPILATION_CONDITIONS = DEBUG;
				SWIFT_OPTIMIZATION_LEVEL = "-Onone";
			};
			name = Debug;
		};
		3737F0A520F46E1800A0E619 /* Release */ = {
			isa = XCBuildConfiguration;
			buildSettings = {
				ALWAYS_SEARCH_USER_PATHS = NO;
				CLANG_ANALYZER_NONNULL = YES;
				CLANG_ANALYZER_NUMBER_OBJECT_CONVERSION = YES_AGGRESSIVE;
				CLANG_CXX_LANGUAGE_STANDARD = "gnu++14";
				CLANG_CXX_LIBRARY = "libc++";
				CLANG_ENABLE_MODULES = YES;
				CLANG_ENABLE_OBJC_ARC = YES;
				CLANG_ENABLE_OBJC_WEAK = YES;
				CLANG_WARN_BLOCK_CAPTURE_AUTORELEASING = YES;
				CLANG_WARN_BOOL_CONVERSION = YES;
				CLANG_WARN_COMMA = YES;
				CLANG_WARN_CONSTANT_CONVERSION = YES;
				CLANG_WARN_DEPRECATED_OBJC_IMPLEMENTATIONS = YES;
				CLANG_WARN_DIRECT_OBJC_ISA_USAGE = YES_ERROR;
				CLANG_WARN_DOCUMENTATION_COMMENTS = YES;
				CLANG_WARN_EMPTY_BODY = YES;
				CLANG_WARN_ENUM_CONVERSION = YES;
				CLANG_WARN_INFINITE_RECURSION = YES;
				CLANG_WARN_INT_CONVERSION = YES;
				CLANG_WARN_NON_LITERAL_NULL_CONVERSION = YES;
				CLANG_WARN_OBJC_IMPLICIT_RETAIN_SELF = YES;
				CLANG_WARN_OBJC_LITERAL_CONVERSION = YES;
				CLANG_WARN_OBJC_ROOT_CLASS = YES_ERROR;
				CLANG_WARN_RANGE_LOOP_ANALYSIS = YES;
				CLANG_WARN_STRICT_PROTOTYPES = YES;
				CLANG_WARN_SUSPICIOUS_MOVE = YES;
				CLANG_WARN_UNGUARDED_AVAILABILITY = YES_AGGRESSIVE;
				CLANG_WARN_UNREACHABLE_CODE = YES;
				CLANG_WARN__DUPLICATE_METHOD_MATCH = YES;
				CODE_SIGN_IDENTITY = "iPhone Developer";
				COPY_PHASE_STRIP = NO;
				DEBUG_INFORMATION_FORMAT = "dwarf-with-dsym";
				ENABLE_NS_ASSERTIONS = NO;
				ENABLE_STRICT_OBJC_MSGSEND = YES;
				GCC_C_LANGUAGE_STANDARD = gnu11;
				GCC_NO_COMMON_BLOCKS = YES;
				GCC_WARN_64_TO_32_BIT_CONVERSION = YES;
				GCC_WARN_ABOUT_RETURN_TYPE = YES_ERROR;
				GCC_WARN_UNDECLARED_SELECTOR = YES;
				GCC_WARN_UNINITIALIZED_AUTOS = YES_AGGRESSIVE;
				GCC_WARN_UNUSED_FUNCTION = YES;
				GCC_WARN_UNUSED_VARIABLE = YES;
				IPHONEOS_DEPLOYMENT_TARGET = 11.4;
				MTL_ENABLE_DEBUG_INFO = NO;
				SDKROOT = iphoneos;
				SWIFT_COMPILATION_MODE = wholemodule;
				SWIFT_OPTIMIZATION_LEVEL = "-O";
				VALIDATE_PRODUCT = YES;
			};
			name = Release;
		};
		3737F0A720F46E1800A0E619 /* Debug */ = {
			isa = XCBuildConfiguration;
			buildSettings = {
				ASSETCATALOG_COMPILER_APPICON_NAME = AppIcon;
				CODE_SIGN_STYLE = Automatic;
				DEVELOPMENT_TEAM = N55A3MSD3W;
				INFOPLIST_FILE = "Drink Recommender/Info.plist";
				LD_RUNPATH_SEARCH_PATHS = (
					"$(inherited)",
					"@executable_path/Frameworks",
				);
				PRODUCT_BUNDLE_IDENTIFIER = "test.Drink-Recommender";
				PRODUCT_NAME = "$(TARGET_NAME)";
				SWIFT_VERSION = 4.0;
				TARGETED_DEVICE_FAMILY = "1,2";
			};
			name = Debug;
		};
		3737F0A820F46E1800A0E619 /* Release */ = {
			isa = XCBuildConfiguration;
			buildSettings = {
				ASSETCATALOG_COMPILER_APPICON_NAME = AppIcon;
				CODE_SIGN_STYLE = Automatic;
				DEVELOPMENT_TEAM = N55A3MSD3W;
				INFOPLIST_FILE = "Drink Recommender/Info.plist";
				LD_RUNPATH_SEARCH_PATHS = (
					"$(inherited)",
					"@executable_path/Frameworks",
				);
				PRODUCT_BUNDLE_IDENTIFIER = "test.Drink-Recommender";
				PRODUCT_NAME = "$(TARGET_NAME)";
				SWIFT_VERSION = 4.0;
				TARGETED_DEVICE_FAMILY = "1,2";
			};
			name = Release;
		};
		3737F0AA20F46E1800A0E619 /* Debug */ = {
			isa = XCBuildConfiguration;
			buildSettings = {
				ALWAYS_EMBED_SWIFT_STANDARD_LIBRARIES = YES;
				BUNDLE_LOADER = "$(TEST_HOST)";
				CODE_SIGN_STYLE = Automatic;
				DEVELOPMENT_TEAM = N55A3MSD3W;
				INFOPLIST_FILE = "Drink RecommenderTests/Info.plist";
				LD_RUNPATH_SEARCH_PATHS = (
					"$(inherited)",
					"@executable_path/Frameworks",
					"@loader_path/Frameworks",
				);
				PRODUCT_BUNDLE_IDENTIFIER = "test.Drink-RecommenderTests";
				PRODUCT_NAME = "$(TARGET_NAME)";
				SWIFT_VERSION = 4.0;
				TARGETED_DEVICE_FAMILY = "1,2";
				TEST_HOST = "$(BUILT_PRODUCTS_DIR)/Drink Recommender.app/Drink Recommender";
			};
			name = Debug;
		};
		3737F0AB20F46E1800A0E619 /* Release */ = {
			isa = XCBuildConfiguration;
			buildSettings = {
				ALWAYS_EMBED_SWIFT_STANDARD_LIBRARIES = YES;
				BUNDLE_LOADER = "$(TEST_HOST)";
				CODE_SIGN_STYLE = Automatic;
				DEVELOPMENT_TEAM = N55A3MSD3W;
				INFOPLIST_FILE = "Drink RecommenderTests/Info.plist";
				LD_RUNPATH_SEARCH_PATHS = (
					"$(inherited)",
					"@executable_path/Frameworks",
					"@loader_path/Frameworks",
				);
				PRODUCT_BUNDLE_IDENTIFIER = "test.Drink-RecommenderTests";
				PRODUCT_NAME = "$(TARGET_NAME)";
				SWIFT_VERSION = 4.0;
				TARGETED_DEVICE_FAMILY = "1,2";
				TEST_HOST = "$(BUILT_PRODUCTS_DIR)/Drink Recommender.app/Drink Recommender";
			};
			name = Release;
		};
/* End XCBuildConfiguration section */

/* Begin XCConfigurationList section */
		3737F08420F46E1800A0E619 /* Build configuration list for PBXProject "Drink Recommender" */ = {
			isa = XCConfigurationList;
			buildConfigurations = (
				3737F0A420F46E1800A0E619 /* Debug */,
				3737F0A520F46E1800A0E619 /* Release */,
			);
			defaultConfigurationIsVisible = 0;
			defaultConfigurationName = Release;
		};
		3737F0A620F46E1800A0E619 /* Build configuration list for PBXNativeTarget "Drink Recommender" */ = {
			isa = XCConfigurationList;
			buildConfigurations = (
				3737F0A720F46E1800A0E619 /* Debug */,
				3737F0A820F46E1800A0E619 /* Release */,
			);
			defaultConfigurationIsVisible = 0;
			defaultConfigurationName = Release;
		};
		3737F0A920F46E1800A0E619 /* Build configuration list for PBXNativeTarget "Drink RecommenderTests" */ = {
			isa = XCConfigurationList;
			buildConfigurations = (
				3737F0AA20F46E1800A0E619 /* Debug */,
				3737F0AB20F46E1800A0E619 /* Release */,
			);
			defaultConfigurationIsVisible = 0;
			defaultConfigurationName = Release;
		};
/* End XCConfigurationList section */
	};
	rootObject = 3737F08120F46E1800A0E619 /* Project object */;
}
